Microsoft Visual Studio Solution File, Format Version 12.00
# Visual Studio Version 17
VisualStudioVersion = 17.5.2.0
MinimumVisualStudioVersion = 10.0.40219.1
Project("{FAE04EC0-301F-11D3-BF4B-00C04F79EFBC}") = "KSC.Raya.Api", "KSC.Raya.Api\KSC.Raya.Api.csproj", "{E9F9AEE4-2F5A-27DB-6136-BD3DB21AE3FE}"
EndProject
Project("{FAE04EC0-301F-11D3-BF4B-00C04F79EFBC}") = "KSC.Raya.Shared", "KSC.Raya.Shared\KSC.Raya.Shared.csproj", "{43DE2E27-89F7-7FFC-031C-72B7DF635060}"
EndProject
Project("{FAE04EC0-301F-11D3-BF4B-00C04F79EFBC}") = "KSC.Raya.Web", "KSC.Raya.Web\KSC.Raya.Web.csproj", "{89B75119-9286-0127-02F8-C0C2197AEFD7}"
EndProject
Global
	GlobalSection(SolutionConfigurationPlatforms) = preSolution
		Debug|Any CPU = Debug|Any CPU
		Release|Any CPU = Release|Any CPU
	EndGlobalSection
	GlobalSection(ProjectConfigurationPlatforms) = postSolution
		{E9F9AEE4-2F5A-27DB-6136-BD3DB21AE3FE}.Debug|Any CPU.ActiveCfg = Debug|Any CPU
		{E9F9AEE4-2F5A-27DB-6136-BD3DB21AE3FE}.Debug|Any CPU.Build.0 = Debug|Any CPU
		{E9F9AEE4-2F5A-27DB-6136-BD3DB21AE3FE}.Release|Any CPU.ActiveCfg = Release|Any CPU
		{E9F9AEE4-2F5A-27DB-6136-BD3DB21AE3FE}.Release|Any CPU.Build.0 = Release|Any CPU
		{43DE2E27-89F7-7FFC-031C-72B7DF635060}.Debug|Any CPU.ActiveCfg = Debug|Any CPU
		{43DE2E27-89F7-7FFC-031C-72B7DF635060}.Debug|Any CPU.Build.0 = Debug|Any CPU
		{43DE2E27-89F7-7FFC-031C-72B7DF635060}.Release|Any CPU.ActiveCfg = Release|Any CPU
		{43DE2E27-89F7-7FFC-031C-72B7DF635060}.Release|Any CPU.Build.0 = Release|Any CPU
		{89B75119-9286-0127-02F8-C0C2197AEFD7}.Debug|Any CPU.ActiveCfg = Debug|Any CPU
		{89B75119-9286-0127-02F8-C0C2197AEFD7}.Debug|Any CPU.Build.0 = Debug|Any CPU
		{89B75119-9286-0127-02F8-C0C2197AEFD7}.Release|Any CPU.ActiveCfg = Release|Any CPU
		{89B75119-9286-0127-02F8-C0C2197AEFD7}.Release|Any CPU.Build.0 = Release|Any CPU
	EndGlobalSection
	GlobalSection(SolutionProperties) = preSolution
		HideSolutionNode = FALSE
	EndGlobalSection
	GlobalSection(ExtensibilityGlobals) = postSolution
		SolutionGuid = {D5091880-A1AF-4BE5-BACC-1886FFD2FE66}
	EndGlobalSection
EndGlobal
